
Microsoft Visual Studio Solution File, Format Version 12.00
# Visual Studio Version 16
VisualStudioVersion = 16.0.30014.187
MinimumVisualStudioVersion = 10.0.40219.1
Project("{FAE04EC0-301F-11D3-BF4B-00C04F79EFBC}") = "MinIOProject", "MinIOProject.csproj", "{C3093B9F-2D8A-418E-9742-7CF3641FCEE0}"
EndProject
Global
	GlobalSection(SolutionConfigurationPlatforms) = preSolution
		Debug|Any CPU = Debug|Any CPU
		Release|Any CPU = Release|Any CPU
	EndGlobalSection
	GlobalSection(ProjectConfigurationPlatforms) = postSolution
		{C3093B9F-2D8A-418E-9742-7CF3641FCEE0}.Debug|Any CPU.ActiveCfg = Debug|Any CPU
		{C3093B9F-2D8A-418E-9742-7CF3641FCEE0}.Debug|Any CPU.Build.0 = Debug|Any CPU
		{C3093B9F-2D8A-418E-9742-7CF3641FCEE0}.Release|Any CPU.ActiveCfg = Release|Any CPU
		{C3093B9F-2D8A-418E-9742-7CF3641FCEE0}.Release|Any CPU.Build.0 = Release|Any CPU
	EndGlobalSection
	GlobalSection(SolutionProperties) = preSolution
		HideSolutionNode = FALSE
	EndGlobalSection
	GlobalSection(ExtensibilityGlobals) = postSolution
		SolutionGuid = {176F7F9A-73D0-4893-85B1-FE6CDB7C50A0}
	EndGlobalSection
EndGlobal
